github.com/wendy248/module v0.0.0-20220311054121-11aec2f82033 h1:ZF0PN69dpzfeykDjl3wmfOBzXLh5Co3OfucyLgWqYxU=
github.com/wendy248/module v0.0.0-20220311054121-11aec2f82033/go.mod h1:7Ojj85s0Ok9NmaYhyiJpdhMBezOe4HaaAJ4VqPlDPhM=
github.com/wendy248/module v0.0.0-20220311092613-918d1d12b961 h1:6DsY/ENbvSLAWH3Yy+D/JeJqI/VRf5RkkBxKmzZutGw=
github.com/wendy248/module v0.0.0-20220311092613-918d1d12b961/go.mod h1:7Ojj85s0Ok9NmaYhyiJpdhMBezOe4HaaAJ4VqPlDPhM=
