github.com/wendy248/module v0.0.0-20220311054121-11aec2f82033 h1:ZF0PN69dpzfeykDjl3wmfOBzXLh5Co3OfucyLgWqYxU=
github.com/wendy248/module v0.0.0-20220311054121-11aec2f82033/go.mod h1:7Ojj85s0Ok9NmaYhyiJpdhMBezOe4HaaAJ4VqPlDPhM=
github.com/wendy248/module v0.0.0-20220311092613-918d1d12b961 h1:6DsY/ENbvSLAWH3Yy+D/JeJqI/VRf5RkkBxKmzZutGw=
github.com/wendy248/module v0.0.0-20220311092613-918d1d12b961/go.mod h1:7Ojj85s0Ok9NmaYhyiJpdhMBezOe4HaaAJ4VqPlDPhM=
github.com/wendy248/module v0.0.0-20220311094842-eb5eb01bf27f h1:56Sa1lb0IOr9masOboWdB+a9iTbwgJ1maWbQEHDPvw8=
github.com/wendy248/module v0.0.0-20220311094842-eb5eb01bf27f/go.mod h1:7Ojj85s0Ok9NmaYhyiJpdhMBezOe4HaaAJ4VqPlDPhM=
github.com/wendy248/module v0.0.0-20220311123228-29d83448af37 h1:CoSplsOeBqMZPVTncU5aeNtTDd/MmqZgQypEAmbsdoA=
github.com/wendy248/module v0.0.0-20220311123228-29d83448af37/go.mod h1:7Ojj85s0Ok9NmaYhyiJpdhMBezOe4HaaAJ4VqPlDPhM=
github.com/wendy248/module v0.0.0-20220311134006-51662ecd33c9 h1:CRxnUl3i4nIKty/+iCsOJhUrbjlyfWcLTM1pBVFE1F0=
github.com/wendy248/module v0.0.0-20220311134006-51662ecd33c9/go.mod h1:7Ojj85s0Ok9NmaYhyiJpdhMBezOe4HaaAJ4VqPlDPhM=
github.com/wendy248/module v0.0.0-20220311135229-13a3c563120b h1:L9/GeeCRWOOwOTIoHtIB3c1oUTeH4DTJhjmab+KeVo8=
github.com/wendy248/module v0.0.0-20220311135229-13a3c563120b/go.mod h1:7Ojj85s0Ok9NmaYhyiJpdhMBezOe4HaaAJ4VqPlDPhM=
